// !$*UTF8*$!
{
	archiveVersion = 1;
	classes = {
	};
	objectVersion = 50;
	objects = {

/* Begin PBXBuildFile section */
		CEFF521521DF4A05009A2FF9 /* AppDelegate.swift in Sources */ = {isa = PBXBuildFile; fileRef = CEFF521421DF4A05009A2FF9 /* AppDelegate.swift */; };
		CEFF521721DF4A05009A2FF9 /* CameraViewController.swift in Sources */ = {isa = PBXBuildFile; fileRef = CEFF521621DF4A05009A2FF9 /* CameraViewController.swift */; };
		CEFF521A21DF4A05009A2FF9 /* Main.storyboard in Resources */ = {isa = PBXBuildFile; fileRef = CEFF521821DF4A05009A2FF9 /* Main.storyboard */; };
		CEFF521C21DF4A08009A2FF9 /* Assets.xcassets in Resources */ = {isa = PBXBuildFile; fileRef = CEFF521B21DF4A08009A2FF9 /* Assets.xcassets */; };
		CEFF521F21DF4A08009A2FF9 /* LaunchScreen.storyboard in Resources */ = {isa = PBXBuildFile; fileRef = CEFF521D21DF4A08009A2FF9 /* LaunchScreen.storyboard */; };
/* End PBXBuildFile section */

/* Begin PBXContainerItemProxy section */
		CEFF522621DF4A08009A2FF9 /* PBXContainerItemProxy */ = {
			isa = PBXContainerItemProxy;
			containerPortal = CEFF520921DF4A05009A2FF9 /* Project object */;
			proxyType = 1;
			remoteGlobalIDString = CEFF521021DF4A05009A2FF9;
			remoteInfo = FaceDetect;
		};
		CEFF523121DF4A08009A2FF9 /* PBXContainerItemProxy */ = {
			isa = PBXContainerItemProxy;
			containerPortal = CEFF520921DF4A05009A2FF9 /* Project object */;
			proxyType = 1;
			remoteGlobalIDString = CEFF521021DF4A05009A2FF9;
			remoteInfo = FaceDetect;
		};
/* End PBXContainerItemProxy section */

/* Begin PBXFileReference section */
		090A7115CF9924591FB143EB /* Pods-FaceDetect.debug.xcconfig */ = {isa = PBXFileReference; includeInIndex = 1; lastKnownFileType = text.xcconfig; name = "Pods-FaceDetect.debug.xcconfig"; path = "Pods/Target Support Files/Pods-FaceDetect/Pods-FaceDetect.debug.xcconfig"; sourceTree = "<group>"; };
		418986066037F946FC97E983 /* Pods-FaceDetect.release.xcconfig */ = {isa = PBXFileReference; includeInIndex = 1; lastKnownFileType = text.xcconfig; name = "Pods-FaceDetect.release.xcconfig"; path = "Pods/Target Support Files/Pods-FaceDetect/Pods-FaceDetect.release.xcconfig"; sourceTree = "<group>"; };
		CEFF521121DF4A05009A2FF9 /* FaceDetect.app */ = {isa = PBXFileReference; explicitFileType = wrapper.application; includeInIndex = 0; path = FaceDetect.app; sourceTree = BUILT_PRODUCTS_DIR; };
		CEFF521421DF4A05009A2FF9 /* AppDelegate.swift */ = {isa = PBXFileReference; lastKnownFileType = sourcecode.swift; path = AppDelegate.swift; sourceTree = "<group>"; };
		CEFF521621DF4A05009A2FF9 /* CameraViewController.swift */ = {isa = PBXFileReference; lastKnownFileType = sourcecode.swift; path = CameraViewController.swift; sourceTree = "<group>"; };
		CEFF521921DF4A05009A2FF9 /* Base */ = {isa = PBXFileReference; lastKnownFileType = file.storyboard; name = Base; path = Base.lproj/Main.storyboard; sourceTree = "<group>"; };
		CEFF521B21DF4A08009A2FF9 /* Assets.xcassets */ = {isa = PBXFileReference; lastKnownFileType = folder.assetcatalog; path = Assets.xcassets; sourceTree = "<group>"; };
		CEFF521E21DF4A08009A2FF9 /* Base */ = {isa = PBXFileReference; lastKnownFileType = file.storyboard; name = Base; path = Base.lproj/LaunchScreen.storyboard; sourceTree = "<group>"; };
		CEFF522021DF4A08009A2FF9 /* Info.plist */ = {isa = PBXFileReference; lastKnownFileType = text.plist.xml; path = Info.plist; sourceTree = "<group>"; };
		CEFF522521DF4A08009A2FF9 /* FaceDetectTests.xctest */ = {isa = PBXFileReference; explicitFileType = wrapper.cfbundle; includeInIndex = 0; path = FaceDetectTests.xctest; sourceTree = BUILT_PRODUCTS_DIR; };
		CEFF523021DF4A08009A2FF9 /* FaceDetectUITests.xctest */ = {isa = PBXFileReference; explicitFileType = wrapper.cfbundle; includeInIndex = 0; path = FaceDetectUITests.xctest; sourceTree = BUILT_PRODUCTS_DIR; };
/* End PBXFileReference section */

/* Begin PBXFrameworksBuildPhase section */
		CEFF520E21DF4A05009A2FF9 /* Frameworks */ = {
			isa = PBXFrameworksBuildPhase;
			buildActionMask = 2147483647;
			files = (
			);
			runOnlyForDeploymentPostprocessing = 0;
		};
		CEFF522221DF4A08009A2FF9 /* Frameworks */ = {
			isa = PBXFrameworksBuildPhase;
			buildActionMask = 2147483647;
			files = (
			);
			runOnlyForDeploymentPostprocessing = 0;
		};
		CEFF522D21DF4A08009A2FF9 /* Frameworks */ = {
			isa = PBXFrameworksBuildPhase;
			buildActionMask = 2147483647;
			files = (
			);
			runOnlyForDeploymentPostprocessing = 0;
		};
/* End PBXFrameworksBuildPhase section */

/* Begin PBXGroup section */
		035673D22DEF634FEF862D7D /* Frameworks */ = {
			isa = PBXGroup;
			children = (
			);
			name = Frameworks;
			sourceTree = "<group>";
		};
		56085CAA6FC18016AA0EC64F /* Pods */ = {
			isa = PBXGroup;
			children = (
				090A7115CF9924591FB143EB /* Pods-FaceDetect.debug.xcconfig */,
				418986066037F946FC97E983 /* Pods-FaceDetect.release.xcconfig */,
			);
			name = Pods;
			sourceTree = "<group>";
		};
		CE591A2F21E5A40B006BD280 /* Supporting Files */ = {
			isa = PBXGroup;
			children = (
			);
			path = "Supporting Files";
			sourceTree = "<group>";
		};
		CEFF520821DF4A05009A2FF9 = {
			isa = PBXGroup;
			children = (
				CEFF521321DF4A05009A2FF9 /* FaceDetect */,
				CEFF521221DF4A05009A2FF9 /* Products */,
				56085CAA6FC18016AA0EC64F /* Pods */,
				035673D22DEF634FEF862D7D /* Frameworks */,
			);
			sourceTree = "<group>";
		};
		CEFF521221DF4A05009A2FF9 /* Products */ = {
			isa = PBXGroup;
			children = (
				CEFF521121DF4A05009A2FF9 /* FaceDetect.app */,
				CEFF522521DF4A08009A2FF9 /* FaceDetectTests.xctest */,
				CEFF523021DF4A08009A2FF9 /* FaceDetectUITests.xctest */,
			);
			name = Products;
			sourceTree = "<group>";
		};
		CEFF521321DF4A05009A2FF9 /* FaceDetect */ = {
			isa = PBXGroup;
			children = (
				CEFF521421DF4A05009A2FF9 /* AppDelegate.swift */,
				CEFF521621DF4A05009A2FF9 /* CameraViewController.swift */,
				CEFF521821DF4A05009A2FF9 /* Main.storyboard */,
				CEFF521B21DF4A08009A2FF9 /* Assets.xcassets */,
				CEFF521D21DF4A08009A2FF9 /* LaunchScreen.storyboard */,
				CEFF522021DF4A08009A2FF9 /* Info.plist */,
				CE591A2F21E5A40B006BD280 /* Supporting Files */,
			);
			path = FaceDetect;
			sourceTree = "<group>";
		};
/* End PBXGroup section */

/* Begin PBXNativeTarget section */
		CEFF521021DF4A05009A2FF9 /* FaceDetect */ = {
			isa = PBXNativeTarget;
			buildConfigurationList = CEFF523921DF4A08009A2FF9 /* Build configuration list for PBXNativeTarget "FaceDetect" */;
			buildPhases = (
				3165A2138CCB1AE8F6E79516 /* [CP] Check Pods Manifest.lock */,
				CEFF520D21DF4A05009A2FF9 /* Sources */,
				CEFF520E21DF4A05009A2FF9 /* Frameworks */,
				CEFF520F21DF4A05009A2FF9 /* Resources */,
				D97194234EE916369C9D35A6 /* [CP] Embed Pods Frameworks */,
				A8C4A02750FF60434DA373D8 /* [CP] Copy Pods Resources */,
			);
			buildRules = (
			);
			dependencies = (
			);
			name = FaceDetect;
			productName = FaceDetect;
			productReference = CEFF521121DF4A05009A2FF9 /* FaceDetect.app */;
			productType = "com.apple.product-type.application";
		};
		CEFF522421DF4A08009A2FF9 /* FaceDetectTests */ = {
			isa = PBXNativeTarget;
			buildConfigurationList = CEFF523C21DF4A08009A2FF9 /* Build configuration list for PBXNativeTarget "FaceDetectTests" */;
			buildPhases = (
				B090C9DF13DE7C3C0F1ABEE9 /* [CP] Check Pods Manifest.lock */,
				CEFF522121DF4A08009A2FF9 /* Sources */,
				CEFF522221DF4A08009A2FF9 /* Frameworks */,
				CEFF522321DF4A08009A2FF9 /* Resources */,
			);
			buildRules = (
			);
			dependencies = (
				CEFF522721DF4A08009A2FF9 /* PBXTargetDependency */,
			);
			name = FaceDetectTests;
			productName = FaceDetectTests;
			productReference = CEFF522521DF4A08009A2FF9 /* FaceDetectTests.xctest */;
			productType = "com.apple.product-type.bundle.unit-test";
		};
		CEFF522F21DF4A08009A2FF9 /* FaceDetectUITests */ = {
			isa = PBXNativeTarget;
			buildConfigurationList = CEFF523F21DF4A08009A2FF9 /* Build configuration list for PBXNativeTarget "FaceDetectUITests" */;
			buildPhases = (
				0E12A1FC0AF708E1208D8044 /* [CP] Check Pods Manifest.lock */,
				CEFF522C21DF4A08009A2FF9 /* Sources */,
				CEFF522D21DF4A08009A2FF9 /* Frameworks */,
				CEFF522E21DF4A08009A2FF9 /* Resources */,
			);
			buildRules = (
			);
			dependencies = (
				CEFF523221DF4A08009A2FF9 /* PBXTargetDependency */,
			);
			name = FaceDetectUITests;
			productName = FaceDetectUITests;
			productReference = CEFF523021DF4A08009A2FF9 /* FaceDetectUITests.xctest */;
			productType = "com.apple.product-type.bundle.ui-testing";
		};
/* End PBXNativeTarget section */

/* Begin PBXProject section */
		CEFF520921DF4A05009A2FF9 /* Project object */ = {
			isa = PBXProject;
			attributes = {
				LastSwiftUpdateCheck = 1010;
				LastUpgradeCheck = 1010;
				ORGANIZATIONNAME = "Shyan Hua";
				TargetAttributes = {
					CEFF521021DF4A05009A2FF9 = {
						CreatedOnToolsVersion = 10.1;
						LastSwiftMigration = 1010;
					};
					CEFF522421DF4A08009A2FF9 = {
						CreatedOnToolsVersion = 10.1;
						TestTargetID = CEFF521021DF4A05009A2FF9;
					};
					CEFF522F21DF4A08009A2FF9 = {
						CreatedOnToolsVersion = 10.1;
						TestTargetID = CEFF521021DF4A05009A2FF9;
					};
				};
			};
			buildConfigurationList = CEFF520C21DF4A05009A2FF9 /* Build configuration list for PBXProject "FaceDetect" */;
			compatibilityVersion = "Xcode 9.3";
			developmentRegion = en;
			hasScannedForEncodings = 0;
			knownRegions = (
				en,
				Base,
			);
			mainGroup = CEFF520821DF4A05009A2FF9;
			productRefGroup = CEFF521221DF4A05009A2FF9 /* Products */;
			projectDirPath = "";
			projectRoot = "";
			targets = (
				CEFF521021DF4A05009A2FF9 /* FaceDetect */,
				CEFF522421DF4A08009A2FF9 /* FaceDetectTests */,
				CEFF522F21DF4A08009A2FF9 /* FaceDetectUITests */,
			);
		};
/* End PBXProject section */

/* Begin PBXResourcesBuildPhase section */
		CEFF520F21DF4A05009A2FF9 /* Resources */ = {
			isa = PBXResourcesBuildPhase;
			buildActionMask = 2147483647;
			files = (
				CEFF521F21DF4A08009A2FF9 /* LaunchScreen.storyboard in Resources */,
				CEFF521C21DF4A08009A2FF9 /* Assets.xcassets in Resources */,
				CEFF521A21DF4A05009A2FF9 /* Main.storyboard in Resources */,
			);
			runOnlyForDeploymentPostprocessing = 0;
		};
		CEFF522321DF4A08009A2FF9 /* Resources */ = {
			isa = PBXResourcesBuildPhase;
			buildActionMask = 2147483647;
			files = (
			);
			runOnlyForDeploymentPostprocessing = 0;
		};
		CEFF522E21DF4A08009A2FF9 /* Resources */ = {
			isa = PBXResourcesBuildPhase;
			buildActionMask = 2147483647;
			files = (
			);
			runOnlyForDeploymentPostprocessing = 0;
		};
/* End PBXResourcesBuildPhase section */

/* Begin PBXShellScriptBuildPhase section */
		0E12A1FC0AF708E1208D8044 /* [CP] Check Pods Manifest.lock */ = {
			isa = PBXShellScriptBuildPhase;
			buildActionMask = 2147483647;
			files = (
			);
			inputFileListPaths = (
			);
			inputPaths = (
				"${PODS_PODFILE_DIR_PATH}/Podfile.lock",
				"${PODS_ROOT}/Manifest.lock",
			);
			name = "[CP] Check Pods Manifest.lock";
			outputFileListPaths = (
			);
			outputPaths = (
				"$(DERIVED_FILE_DIR)/Pods-FaceDetectUITests-checkManifestLockResult.txt",
			);
			runOnlyForDeploymentPostprocessing = 0;
			shellPath = /bin/sh;
			shellScript = "diff \"${PODS_PODFILE_DIR_PATH}/Podfile.lock\" \"${PODS_ROOT}/Manifest.lock\" > /dev/null\nif [ $? != 0 ] ; then\n    # print error to STDERR\n    echo \"error: The sandbox is not in sync with the Podfile.lock. Run 'pod install' or update your CocoaPods installation.\" >&2\n    exit 1\nfi\n# This output is used by Xcode 'outputs' to avoid re-running this script phase.\necho \"SUCCESS\" > \"${SCRIPT_OUTPUT_FILE_0}\"\n";
			showEnvVarsInLog = 0;
		};
		3165A2138CCB1AE8F6E79516 /* [CP] Check Pods Manifest.lock */ = {
			isa = PBXShellScriptBuildPhase;
			buildActionMask = 2147483647;
			files = (
			);
			inputFileListPaths = (
			);
			inputPaths = (
				"${PODS_PODFILE_DIR_PATH}/Podfile.lock",
				"${PODS_ROOT}/Manifest.lock",
			);
			name = "[CP] Check Pods Manifest.lock";
			outputFileListPaths = (
			);
			outputPaths = (
				"$(DERIVED_FILE_DIR)/Pods-FaceDetect-checkManifestLockResult.txt",
			);
			runOnlyForDeploymentPostprocessing = 0;
			shellPath = /bin/sh;
			shellScript = "diff \"${PODS_PODFILE_DIR_PATH}/Podfile.lock\" \"${PODS_ROOT}/Manifest.lock\" > /dev/null\nif [ $? != 0 ] ; then\n    # print error to STDERR\n    echo \"error: The sandbox is not in sync with the Podfile.lock. Run 'pod install' or update your CocoaPods installation.\" >&2\n    exit 1\nfi\n# This output is used by Xcode 'outputs' to avoid re-running this script phase.\necho \"SUCCESS\" > \"${SCRIPT_OUTPUT_FILE_0}\"\n";
			showEnvVarsInLog = 0;
		};
		A8C4A02750FF60434DA373D8 /* [CP] Copy Pods Resources */ = {
			isa = PBXShellScriptBuildPhase;
			buildActionMask = 2147483647;
			files = (
			);
			inputFileListPaths = (
			);
			inputPaths = (
				"${SRCROOT}/Pods/Target Support Files/Pods-FaceDetect/Pods-FaceDetect-resources.sh",
				"${PODS_CONFIGURATION_BUILD_DIR}/GoogleMobileVision/GoogleMVFaceDetectorResources.bundle",
			);
			name = "[CP] Copy Pods Resources";
			outputFileListPaths = (
			);
			outputPaths = (
				"${TARGET_BUILD_DIR}/${UNLOCALIZED_RESOURCES_FOLDER_PATH}/GoogleMVFaceDetectorResources.bundle",
			);
			runOnlyForDeploymentPostprocessing = 0;
			shellPath = /bin/sh;
			shellScript = "\"${SRCROOT}/Pods/Target Support Files/Pods-FaceDetect/Pods-FaceDetect-resources.sh\"\n";
			showEnvVarsInLog = 0;
		};
		B090C9DF13DE7C3C0F1ABEE9 /* [CP] Check Pods Manifest.lock */ = {
			isa = PBXShellScriptBuildPhase;
			buildActionMask = 2147483647;
			files = (
			);
			inputFileListPaths = (
			);
			inputPaths = (
				"${PODS_PODFILE_DIR_PATH}/Podfile.lock",
				"${PODS_ROOT}/Manifest.lock",
			);
			name = "[CP] Check Pods Manifest.lock";
			outputFileListPaths = (
			);
			outputPaths = (
				"$(DERIVED_FILE_DIR)/Pods-FaceDetectTests-checkManifestLockResult.txt",
			);
			runOnlyForDeploymentPostprocessing = 0;
			shellPath = /bin/sh;
			shellScript = "diff \"${PODS_PODFILE_DIR_PATH}/Podfile.lock\" \"${PODS_ROOT}/Manifest.lock\" > /dev/null\nif [ $? != 0 ] ; then\n    # print error to STDERR\n    echo \"error: The sandbox is not in sync with the Podfile.lock. Run 'pod install' or update your CocoaPods installation.\" >&2\n    exit 1\nfi\n# This output is used by Xcode 'outputs' to avoid re-running this script phase.\necho \"SUCCESS\" > \"${SCRIPT_OUTPUT_FILE_0}\"\n";
			showEnvVarsInLog = 0;
		};
		D97194234EE916369C9D35A6 /* [CP] Embed Pods Frameworks */ = {
			isa = PBXShellScriptBuildPhase;
			buildActionMask = 2147483647;
			files = (
			);
			inputFileListPaths = (
			);
			inputPaths = (
				"${SRCROOT}/Pods/Target Support Files/Pods-FaceDetect/Pods-FaceDetect-frameworks.sh",
				"${BUILT_PRODUCTS_DIR}/GTMSessionFetcher/GTMSessionFetcher.framework",
				"${BUILT_PRODUCTS_DIR}/GoogleToolboxForMac/GoogleToolboxForMac.framework",
				"${BUILT_PRODUCTS_DIR}/Protobuf/Protobuf.framework",
			);
			name = "[CP] Embed Pods Frameworks";
			outputFileListPaths = (
			);
			outputPaths = (
				"${TARGET_BUILD_DIR}/${FRAMEWORKS_FOLDER_PATH}/GTMSessionFetcher.framework",
				"${TARGET_BUILD_DIR}/${FRAMEWORKS_FOLDER_PATH}/GoogleToolboxForMac.framework",
				"${TARGET_BUILD_DIR}/${FRAMEWORKS_FOLDER_PATH}/Protobuf.framework",
			);
			runOnlyForDeploymentPostprocessing = 0;
			shellPath = /bin/sh;
			shellScript = "\"${SRCROOT}/Pods/Target Support Files/Pods-FaceDetect/Pods-FaceDetect-frameworks.sh\"\n";
			showEnvVarsInLog = 0;
		};
/* End PBXShellScriptBuildPhase section */

/* Begin PBXSourcesBuildPhase section */
		CEFF520D21DF4A05009A2FF9 /* Sources */ = {
			isa = PBXSourcesBuildPhase;
			buildActionMask = 2147483647;
			files = (
				CEFF521721DF4A05009A2FF9 /* CameraViewController.swift in Sources */,
				CEFF521521DF4A05009A2FF9 /* AppDelegate.swift in Sources */,
			);
			runOnlyForDeploymentPostprocessing = 0;
		};
		CEFF522121DF4A08009A2FF9 /* Sources */ = {
			isa = PBXSourcesBuildPhase;
			buildActionMask = 2147483647;
			files = (
			);
			runOnlyForDeploymentPostprocessing = 0;
		};
		CEFF522C21DF4A08009A2FF9 /* Sources */ = {
			isa = PBXSourcesBuildPhase;
			buildActionMask = 2147483647;
			files = (
			);
			runOnlyForDeploymentPostprocessing = 0;
		};
/* End PBXSourcesBuildPhase section */

/* Begin PBXTargetDependency section */
		CEFF522721DF4A08009A2FF9 /* PBXTargetDependency */ = {
			isa = PBXTargetDependency;
			target = CEFF521021DF4A05009A2FF9 /* FaceDetect */;
			targetProxy = CEFF522621DF4A08009A2FF9 /* PBXContainerItemProxy */;
		};
		CEFF523221DF4A08009A2FF9 /* PBXTargetDependency */ = {
			isa = PBXTargetDependency;
			target = CEFF521021DF4A05009A2FF9 /* FaceDetect */;
			targetProxy = CEFF523121DF4A08009A2FF9 /* PBXContainerItemProxy */;
		};
/* End PBXTargetDependency section */

/* Begin PBXVariantGroup section */
		CEFF521821DF4A05009A2FF9 /* Main.storyboard */ = {
			isa = PBXVariantGroup;
			children = (
				CEFF521921DF4A05009A2FF9 /* Base */,
			);
			name = Main.storyboard;
			sourceTree = "<group>";
		};
		CEFF521D21DF4A08009A2FF9 /* LaunchScreen.storyboard */ = {
			isa = PBXVariantGroup;
			children = (
				CEFF521E21DF4A08009A2FF9 /* Base */,
			);
			name = LaunchScreen.storyboard;
			sourceTree = "<group>";
		};
/* End PBXVariantGroup section */

/* Begin XCBuildConfiguration section */
		CEFF523721DF4A08009A2FF9 /* Debug */ = {
			isa = XCBuildConfiguration;
			buildSettings = {
				ALWAYS_SEARCH_USER_PATHS = NO;
				CLANG_ANALYZER_NONNULL = YES;
				CLANG_ANALYZER_NUMBER_OBJECT_CONVERSION = YES_AGGRESSIVE;
				CLANG_CXX_LANGUAGE_STANDARD = "gnu++14";
				CLANG_CXX_LIBRARY = "libc++";
				CLANG_ENABLE_MODULES = YES;
				CLANG_ENABLE_OBJC_ARC = YES;
				CLANG_ENABLE_OBJC_WEAK = YES;
				CLANG_WARN_BLOCK_CAPTURE_AUTORELEASING = YES;
				CLANG_WARN_BOOL_CONVERSION = YES;
				CLANG_WARN_COMMA = YES;
				CLANG_WARN_CONSTANT_CONVERSION = YES;
				CLANG_WARN_DEPRECATED_OBJC_IMPLEMENTATIONS = YES;
				CLANG_WARN_DIRECT_OBJC_ISA_USAGE = YES_ERROR;
				CLANG_WARN_DOCUMENTATION_COMMENTS = YES;
				CLANG_WARN_EMPTY_BODY = YES;
				CLANG_WARN_ENUM_CONVERSION = YES;
				CLANG_WARN_INFINITE_RECURSION = YES;
				CLANG_WARN_INT_CONVERSION = YES;
				CLANG_WARN_NON_LITERAL_NULL_CONVERSION = YES;
				CLANG_WARN_OBJC_IMPLICIT_RETAIN_SELF = YES;
				CLANG_WARN_OBJC_LITERAL_CONVERSION = YES;
				CLANG_WARN_OBJC_ROOT_CLASS = YES_ERROR;
				CLANG_WARN_RANGE_LOOP_ANALYSIS = YES;
				CLANG_WARN_STRICT_PROTOTYPES = YES;
				CLANG_WARN_SUSPICIOUS_MOVE = YES;
				CLANG_WARN_UNGUARDED_AVAILABILITY = YES_AGGRESSIVE;
				CLANG_WARN_UNREACHABLE_CODE = YES;
				CLANG_WARN__DUPLICATE_METHOD_MATCH = YES;
				CODE_SIGN_IDENTITY = "iPhone Developer";
				COPY_PHASE_STRIP = NO;
				DEBUG_INFORMATION_FORMAT = dwarf;
				ENABLE_STRICT_OBJC_MSGSEND = YES;
				ENABLE_TESTABILITY = YES;
				GCC_C_LANGUAGE_STANDARD = gnu11;
				GCC_DYNAMIC_NO_PIC = NO;
				GCC_NO_COMMON_BLOCKS = YES;
				GCC_OPTIMIZATION_LEVEL = 0;
				GCC_PREPROCESSOR_DEFINITIONS = (
					"DEBUG=1",
					"$(inherited)",
				);
				GCC_WARN_64_TO_32_BIT_CONVERSION = YES;
				GCC_WARN_ABOUT_RETURN_TYPE = YES_ERROR;
				GCC_WARN_UNDECLARED_SELECTOR = YES;
				GCC_WARN_UNINITIALIZED_AUTOS = YES_AGGRESSIVE;
				GCC_WARN_UNUSED_FUNCTION = YES;
				GCC_WARN_UNUSED_VARIABLE = YES;
				IPHONEOS_DEPLOYMENT_TARGET = 12.1;
				MTL_ENABLE_DEBUG_INFO = INCLUDE_SOURCE;
				MTL_FAST_MATH = YES;
				ONLY_ACTIVE_ARCH = YES;
				SDKROOT = iphoneos;
				SWIFT_ACTIVE_COMPILATION_CONDITIONS = DEBUG;
				SWIFT_OPTIMIZATION_LEVEL = "-Onone";
			};
			name = Debug;
		};
		CEFF523821DF4A08009A2FF9 /* Release */ = {
			isa = XCBuildConfiguration;
			buildSettings = {
				ALWAYS_SEARCH_USER_PATHS = NO;
				CLANG_ANALYZER_NONNULL = YES;
				CLANG_ANALYZER_NUMBER_OBJECT_CONVERSION = YES_AGGRESSIVE;
				CLANG_CXX_LANGUAGE_STANDARD = "gnu++14";
				CLANG_CXX_LIBRARY = "libc++";
				CLANG_ENABLE_MODULES = YES;
				CLANG_ENABLE_OBJC_ARC = YES;
				CLANG_ENABLE_OBJC_WEAK = YES;
				CLANG_WARN_BLOCK_CAPTURE_AUTORELEASING = YES;
				CLANG_WARN_BOOL_CONVERSION = YES;
				CLANG_WARN_COMMA = YES;
				CLANG_WARN_CONSTANT_CONVERSION = YES;
				CLANG_WARN_DEPRECATED_OBJC_IMPLEMENTATIONS = YES;
				CLANG_WARN_DIRECT_OBJC_ISA_USAGE = YES_ERROR;
				CLANG_WARN_DOCUMENTATION_COMMENTS = YES;
				CLANG_WARN_EMPTY_BODY = YES;
				CLANG_WARN_ENUM_CONVERSION = YES;
				CLANG_WARN_INFINITE_RECURSION = YES;
				CLANG_WARN_INT_CONVERSION = YES;
				CLANG_WARN_NON_LITERAL_NULL_CONVERSION = YES;
				CLANG_WARN_OBJC_IMPLICIT_RETAIN_SELF = YES;
				CLANG_WARN_OBJC_LITERAL_CONVERSION = YES;
				CLANG_WARN_OBJC_ROOT_CLASS = YES_ERROR;
				CLANG_WARN_RANGE_LOOP_ANALYSIS = YES;
				CLANG_WARN_STRICT_PROTOTYPES = YES;
				CLANG_WARN_SUSPICIOUS_MOVE = YES;
				CLANG_WARN_UNGUARDED_AVAILABILITY = YES_AGGRESSIVE;
				CLANG_WARN_UNREACHABLE_CODE = YES;
				CLANG_WARN__DUPLICATE_METHOD_MATCH = YES;
				CODE_SIGN_IDENTITY = "iPhone Developer";
				COPY_PHASE_STRIP = NO;
				DEBUG_INFORMATION_FORMAT = "dwarf-with-dsym";
				ENABLE_NS_ASSERTIONS = NO;
				ENABLE_STRICT_OBJC_MSGSEND = YES;
				GCC_C_LANGUAGE_STANDARD = gnu11;
				GCC_NO_COMMON_BLOCKS = YES;
				GCC_WARN_64_TO_32_BIT_CONVERSION = YES;
				GCC_WARN_ABOUT_RETURN_TYPE = YES_ERROR;
				GCC_WARN_UNDECLARED_SELECTOR = YES;
				GCC_WARN_UNINITIALIZED_AUTOS = YES_AGGRESSIVE;
				GCC_WARN_UNUSED_FUNCTION = YES;
				GCC_WARN_UNUSED_VARIABLE = YES;
				IPHONEOS_DEPLOYMENT_TARGET = 12.1;
				MTL_ENABLE_DEBUG_INFO = NO;
				MTL_FAST_MATH = YES;
				SDKROOT = iphoneos;
				SWIFT_COMPILATION_MODE = wholemodule;
				SWIFT_OPTIMIZATION_LEVEL = "-O";
				VALIDATE_PRODUCT = YES;
			};
			name = Release;
		};
		CEFF523A21DF4A08009A2FF9 /* Debug */ = {
			isa = XCBuildConfiguration;
			baseConfigurationReference = 090A7115CF9924591FB143EB /* Pods-FaceDetect.debug.xcconfig */;
			buildSettings = {
				ASSETCATALOG_COMPILER_APPICON_NAME = AppIcon;
				CLANG_ENABLE_MODULES = YES;
				CODE_SIGN_STYLE = Automatic;
				DEVELOPMENT_TEAM = 793V5M52HC;
				INFOPLIST_FILE = FaceDetect/Info.plist;
				LD_RUNPATH_SEARCH_PATHS = (
					"$(inherited)",
					"@executable_path/Frameworks",
				);
				PRODUCT_BUNDLE_IDENTIFIER = Test.FaceDetect3332;
				PRODUCT_NAME = "$(TARGET_NAME)";
				SWIFT_OBJC_BRIDGING_HEADER = "FaceDetect/Supporting Files/FaceDetect-Bridging-Header.h";
				SWIFT_OPTIMIZATION_LEVEL = "-Onone";
				SWIFT_VERSION = 4.2;
				TARGETED_DEVICE_FAMILY = "1,2";
			};
			name = Debug;
		};
		CEFF523B21DF4A08009A2FF9 /* Release */ = {
			isa = XCBuildConfiguration;
			baseConfigurationReference = 418986066037F946FC97E983 /* Pods-FaceDetect.release.xcconfig */;
			buildSettings = {
				ASSETCATALOG_COMPILER_APPICON_NAME = AppIcon;
				CLANG_ENABLE_MODULES = YES;
				CODE_SIGN_STYLE = Automatic;
				DEVELOPMENT_TEAM = 793V5M52HC;
				INFOPLIST_FILE = FaceDetect/Info.plist;
				LD_RUNPATH_SEARCH_PATHS = (
					"$(inherited)",
					"@executable_path/Frameworks",
				);
				PRODUCT_BUNDLE_IDENTIFIER = Test.FaceDetect3332;
				PRODUCT_NAME = "$(TARGET_NAME)";
				SWIFT_OBJC_BRIDGING_HEADER = "FaceDetect/Supporting Files/FaceDetect-Bridging-Header.h";
				SWIFT_VERSION = 4.2;
				TARGETED_DEVICE_FAMILY = "1,2";
			};
			name = Release;
		};
		CEFF523D21DF4A08009A2FF9 /* Debug */ = {
			isa = XCBuildConfiguration;
			buildSettings = {
				ALWAYS_EMBED_SWIFT_STANDARD_LIBRARIES = YES;
				BUNDLE_LOADER = "$(TEST_HOST)";
				CODE_SIGN_STYLE = Automatic;
				DEVELOPMENT_TEAM = 2NV897YD2Z;
				INFOPLIST_FILE = FaceDetectTests/Info.plist;
				LD_RUNPATH_SEARCH_PATHS = (
					"$(inherited)",
					"@executable_path/Frameworks",
					"@loader_path/Frameworks",
				);
				PRODUCT_BUNDLE_IDENTIFIER = Test.FaceDetectTests;
				PRODUCT_NAME = "$(TARGET_NAME)";
				SWIFT_VERSION = 4.2;
				TARGETED_DEVICE_FAMILY = "1,2";
				TEST_HOST = "$(BUILT_PRODUCTS_DIR)/FaceDetect.app/FaceDetect";
			};
			name = Debug;
		};
		CEFF523E21DF4A08009A2FF9 /* Release */ = {
			isa = XCBuildConfiguration;
			buildSettings = {
				ALWAYS_EMBED_SWIFT_STANDARD_LIBRARIES = YES;
				BUNDLE_LOADER = "$(TEST_HOST)";
				CODE_SIGN_STYLE = Automatic;
				DEVELOPMENT_TEAM = 2NV897YD2Z;
				INFOPLIST_FILE = FaceDetectTests/Info.plist;
				LD_RUNPATH_SEARCH_PATHS = (
					"$(inherited)",
					"@executable_path/Frameworks",
					"@loader_path/Frameworks",
				);
				PRODUCT_BUNDLE_IDENTIFIER = Test.FaceDetectTests;
				PRODUCT_NAME = "$(TARGET_NAME)";
				SWIFT_VERSION = 4.2;
				TARGETED_DEVICE_FAMILY = "1,2";
				TEST_HOST = "$(BUILT_PRODUCTS_DIR)/FaceDetect.app/FaceDetect";
			};
			name = Release;
		};
		CEFF524021DF4A08009A2FF9 /* Debug */ = {
			isa = XCBuildConfiguration;
			buildSettings = {
				ALWAYS_EMBED_SWIFT_STANDARD_LIBRARIES = YES;
				CODE_SIGN_STYLE = Automatic;
				DEVELOPMENT_TEAM = 2NV897YD2Z;
				INFOPLIST_FILE = FaceDetectUITests/Info.plist;
				LD_RUNPATH_SEARCH_PATHS = (
					"$(inherited)",
					"@executable_path/Frameworks",
					"@loader_path/Frameworks",
				);
				PRODUCT_BUNDLE_IDENTIFIER = Test.FaceDetectUITests;
				PRODUCT_NAME = "$(TARGET_NAME)";
				SWIFT_VERSION = 4.2;
				TARGETED_DEVICE_FAMILY = "1,2";
				TEST_TARGET_NAME = FaceDetect;
			};
			name = Debug;
		};
		CEFF524121DF4A08009A2FF9 /* Release */ = {
			isa = XCBuildConfiguration;
			buildSettings = {
				ALWAYS_EMBED_SWIFT_STANDARD_LIBRARIES = YES;
				CODE_SIGN_STYLE = Automatic;
				DEVELOPMENT_TEAM = 2NV897YD2Z;
				INFOPLIST_FILE = FaceDetectUITests/Info.plist;
				LD_RUNPATH_SEARCH_PATHS = (
					"$(inherited)",
					"@executable_path/Frameworks",
					"@loader_path/Frameworks",
				);
				PRODUCT_BUNDLE_IDENTIFIER = Test.FaceDetectUITests;
				PRODUCT_NAME = "$(TARGET_NAME)";
				SWIFT_VERSION = 4.2;
				TARGETED_DEVICE_FAMILY = "1,2";
				TEST_TARGET_NAME = FaceDetect;
			};
			name = Release;
		};
/* End XCBuildConfiguration section */

/* Begin XCConfigurationList section */
		CEFF520C21DF4A05009A2FF9 /* Build configuration list for PBXProject "FaceDetect" */ = {
			isa = XCConfigurationList;
			buildConfigurations = (
				CEFF523721DF4A08009A2FF9 /* Debug */,
				CEFF523821DF4A08009A2FF9 /* Release */,
			);
			defaultConfigurationIsVisible = 0;
			defaultConfigurationName = Release;
		};
		CEFF523921DF4A08009A2FF9 /* Build configuration list for PBXNativeTarget "FaceDetect" */ = {
			isa = XCConfigurationList;
			buildConfigurations = (
				CEFF523A21DF4A08009A2FF9 /* Debug */,
				CEFF523B21DF4A08009A2FF9 /* Release */,
			);
			defaultConfigurationIsVisible = 0;
			defaultConfigurationName = Release;
		};
		CEFF523C21DF4A08009A2FF9 /* Build configuration list for PBXNativeTarget "FaceDetectTests" */ = {
			isa = XCConfigurationList;
			buildConfigurations = (
				CEFF523D21DF4A08009A2FF9 /* Debug */,
				CEFF523E21DF4A08009A2FF9 /* Release */,
			);
			defaultConfigurationIsVisible = 0;
			defaultConfigurationName = Release;
		};
		CEFF523F21DF4A08009A2FF9 /* Build configuration list for PBXNativeTarget "FaceDetectUITests" */ = {
			isa = XCConfigurationList;
			buildConfigurations = (
				CEFF524021DF4A08009A2FF9 /* Debug */,
				CEFF524121DF4A08009A2FF9 /* Release */,
			);
			defaultConfigurationIsVisible = 0;
			defaultConfigurationName = Release;
		};
/* End XCConfigurationList section */
	};
	rootObject = CEFF520921DF4A05009A2FF9 /* Project object */;
}
